<<<<<<< master
﻿
Microsoft Visual Studio Solution File, Format Version 12.00
# Visual Studio 2015
Project("{FAE04EC0-301F-11D3-BF4B-00C04F79EFBC}") = "somethingsoundy", "somethingsoundy.csproj", "{44E8B092-9660-DCC3-2761-3E0B1ECDD817}"
=======
Microsoft Visual Studio Solution File, Format Version 11.00
# Visual Studio 2008

Project("{6FA16E9D-99A8-BCD9-A90E-C0D1C1D6191C}") = "somethingsoundy", "Assembly-CSharp.csproj", "{8F60128F-2C0E-BFA7-C6FD-B48D386BA8B4}"
>>>>>>> added player movement
EndProject
Global
	GlobalSection(SolutionConfigurationPlatforms) = preSolution
		Debug|Any CPU = Debug|Any CPU
		Release|Any CPU = Release|Any CPU
	EndGlobalSection
	GlobalSection(ProjectConfigurationPlatforms) = postSolution
<<<<<<< master
		{44E8B092-9660-DCC3-2761-3E0B1ECDD817}.Debug|Any CPU.ActiveCfg = Debug|Any CPU
		{44E8B092-9660-DCC3-2761-3E0B1ECDD817}.Debug|Any CPU.Build.0 = Debug|Any CPU
		{44E8B092-9660-DCC3-2761-3E0B1ECDD817}.Release|Any CPU.ActiveCfg = Release|Any CPU
		{44E8B092-9660-DCC3-2761-3E0B1ECDD817}.Release|Any CPU.Build.0 = Release|Any CPU
=======
		{8F60128F-2C0E-BFA7-C6FD-B48D386BA8B4}.Debug|Any CPU.ActiveCfg = Debug|Any CPU
		{8F60128F-2C0E-BFA7-C6FD-B48D386BA8B4}.Debug|Any CPU.Build.0 = Debug|Any CPU
		{8F60128F-2C0E-BFA7-C6FD-B48D386BA8B4}.Release|Any CPU.ActiveCfg = Release|Any CPU
		{8F60128F-2C0E-BFA7-C6FD-B48D386BA8B4}.Release|Any CPU.Build.0 = Release|Any CPU
>>>>>>> added player movement
	EndGlobalSection
	GlobalSection(SolutionProperties) = preSolution
		HideSolutionNode = FALSE
	EndGlobalSection
<<<<<<< master
=======
	GlobalSection(MonoDevelopProperties) = preSolution
		StartupItem = Assembly-CSharp.csproj
	EndGlobalSection
>>>>>>> added player movement
EndGlobal
